
Microsoft Visual Studio Solution File, Format Version 12.00
# Visual Studio Version 17
VisualStudioVersion = 17.0.32014.148
MinimumVisualStudioVersion = 10.0.40219.1
Project("{FAE04EC0-301F-11D3-BF4B-00C04F79EFBC}") = "prjMaribelMejia", "prjMaribelMejia\prjMaribelMejia.csproj", "{3BADC060-050C-47D2-9695-77211A7E2619}"
EndProject
Global
	GlobalSection(SolutionConfigurationPlatforms) = preSolution
		Debug|Any CPU = Debug|Any CPU
		Release|Any CPU = Release|Any CPU
	EndGlobalSection
	GlobalSection(ProjectConfigurationPlatforms) = postSolution
		{3BADC060-050C-47D2-9695-77211A7E2619}.Debug|Any CPU.ActiveCfg = Debug|Any CPU
		{3BADC060-050C-47D2-9695-77211A7E2619}.Debug|Any CPU.Build.0 = Debug|Any CPU
		{3BADC060-050C-47D2-9695-77211A7E2619}.Release|Any CPU.ActiveCfg = Release|Any CPU
		{3BADC060-050C-47D2-9695-77211A7E2619}.Release|Any CPU.Build.0 = Release|Any CPU
	EndGlobalSection
	GlobalSection(SolutionProperties) = preSolution
		HideSolutionNode = FALSE
	EndGlobalSection
	GlobalSection(ExtensibilityGlobals) = postSolution
		SolutionGuid = {C017FA0F-B722-40A8-ADF5-D025656E5E04}
	EndGlobalSection
EndGlobal
